
Microsoft Visual Studio Solution File, Format Version 12.00
# Visual Studio Version 16
VisualStudioVersion = 16.0.30804.86
MinimumVisualStudioVersion = 10.0.40219.1
Project("{FAE04EC0-301F-11D3-BF4B-00C04F79EFBC}") = "ImageScaling", "ImageScalling\ImageScaling.csproj", "{F26694FB-CA0F-45FF-BF63-140A6CEFF987}"
EndProject
Global
	GlobalSection(SolutionConfigurationPlatforms) = preSolution
		Debug|Any CPU = Debug|Any CPU
		Release|Any CPU = Release|Any CPU
	EndGlobalSection
	GlobalSection(ProjectConfigurationPlatforms) = postSolution
		{F26694FB-CA0F-45FF-BF63-140A6CEFF987}.Debug|Any CPU.ActiveCfg = Debug|Any CPU
		{F26694FB-CA0F-45FF-BF63-140A6CEFF987}.Debug|Any CPU.Build.0 = Debug|Any CPU
		{F26694FB-CA0F-45FF-BF63-140A6CEFF987}.Release|Any CPU.ActiveCfg = Release|Any CPU
		{F26694FB-CA0F-45FF-BF63-140A6CEFF987}.Release|Any CPU.Build.0 = Release|Any CPU
	EndGlobalSection
	GlobalSection(SolutionProperties) = preSolution
		HideSolutionNode = FALSE
	EndGlobalSection
	GlobalSection(ExtensibilityGlobals) = postSolution
		SolutionGuid = {7DD60875-AE30-4C31-ACDB-BABCD589EB84}
	EndGlobalSection
EndGlobal
